
Microsoft Visual Studio Solution File, Format Version 12.00
# Visual Studio Version 16
VisualStudioVersion = 16.0.31410.357
MinimumVisualStudioVersion = 10.0.40219.1
Project("{2150E333-8FDC-42A3-9474-1A3956D46DE8}") = "RPC", "RPC", "{037B064B-1EF9-4882-B9CE-8D2EDBFF06DB}"
EndProject
Project("{9A19103F-16F7-4668-BE54-9A1E7A4F7556}") = "RabbitMQ.RPC.Cliente", "src\RabbitMQ.RPC\RabbitMQ.RPC\RabbitMQ.RPC.Cliente.csproj", "{4D1A3878-09D1-4E82-8219-DE8B3ACEC4FE}"
EndProject
Project("{2150E333-8FDC-42A3-9474-1A3956D46DE8}") = "Produtor-Consumidor", "Produtor-Consumidor", "{3DA055A3-6E43-4D02-A8F3-14AA112C8C91}"
EndProject
Project("{9A19103F-16F7-4668-BE54-9A1E7A4F7556}") = "RabbitMQ.Produtor", "src\RabbitMQ.Produtor\RabbitMQ.Produtor.csproj", "{FBF28198-DEC4-46EB-89CF-0698CA4FEC41}"
EndProject
Project("{9A19103F-16F7-4668-BE54-9A1E7A4F7556}") = "RabbitMQ.Consumidor", "src\RabbitMQ.Consumidor\RabbitMQ.Consumidor.csproj", "{0A98C774-3F9A-44F5-B416-9770D0C95274}"
EndProject
Project("{2150E333-8FDC-42A3-9474-1A3956D46DE8}") = "ApiRestWorker", "ApiRestWorker", "{5A626DD0-5AA3-4591-8E7E-6C96BFE880C8}"
EndProject
Project("{9A19103F-16F7-4668-BE54-9A1E7A4F7556}") = "RabbitMQ.Api", "src\RabbitMQ.Api\RabbitMQ.Api.csproj", "{5EC1DF04-DC99-406F-A8F7-17D5E54AB32A}"
EndProject
Project("{9A19103F-16F7-4668-BE54-9A1E7A4F7556}") = "RabbitMQ.Api.Worker", "src\RabbitMQ.Api.Worker\RabbitMQ.Api.Worker.csproj", "{CEC269C3-4336-4AAF-BB0F-9AC1C58994A1}"
EndProject
Project("{2150E333-8FDC-42A3-9474-1A3956D46DE8}") = "MultiplosWorkersAndChannels", "MultiplosWorkersAndChannels", "{A415CA76-815E-497F-818B-1C4F7B8CDF61}"
EndProject
Project("{FAE04EC0-301F-11D3-BF4B-00C04F79EFBC}") = "RabbitMQ.MultiplosProdutores", "src\RabbitMQ.MultiplosProdutores\RabbitMQ.MultiplosProdutores.csproj", "{4EB188BB-4F9B-4CAD-8761-23E1E3938193}"
EndProject
Project("{FAE04EC0-301F-11D3-BF4B-00C04F79EFBC}") = "RabbitMQ.MultiplosConsumidores", "src\RabbitMQ.MultiplosConsumidores\RabbitMQ.MultiplosConsumidores.csproj", "{07B9E5D7-68B5-4F72-A7C5-B3C90EB185A5}"
EndProject
Project("{2150E333-8FDC-42A3-9474-1A3956D46DE8}") = "PublisherConfirmation", "PublisherConfirmation", "{6F4ED227-7C0E-4AE0-B4FC-4B8B5485B217}"
EndProject
Project("{FAE04EC0-301F-11D3-BF4B-00C04F79EFBC}") = "RabbitMQ.PublisherConfirmation", "RabbitMQ.PublisherConfirmation\RabbitMQ.PublisherConfirmation.csproj", "{C419D8B2-2F87-4DBF-A5B4-9EE1B8C6A45C}"
EndProject
Project("{FAE04EC0-301F-11D3-BF4B-00C04F79EFBC}") = "RabbitMQ.RPC.Sever", "RabbitMQ.RPC.Sever\RabbitMQ.RPC.Sever.csproj", "{639B551E-D79F-437D-8AA8-168E0F45FB90}"
EndProject
Global
	GlobalSection(SolutionConfigurationPlatforms) = preSolution
		Debug|Any CPU = Debug|Any CPU
		Release|Any CPU = Release|Any CPU
	EndGlobalSection
	GlobalSection(ProjectConfigurationPlatforms) = postSolution
		{4D1A3878-09D1-4E82-8219-DE8B3ACEC4FE}.Debug|Any CPU.ActiveCfg = Debug|Any CPU
		{4D1A3878-09D1-4E82-8219-DE8B3ACEC4FE}.Debug|Any CPU.Build.0 = Debug|Any CPU
		{4D1A3878-09D1-4E82-8219-DE8B3ACEC4FE}.Release|Any CPU.ActiveCfg = Release|Any CPU
		{4D1A3878-09D1-4E82-8219-DE8B3ACEC4FE}.Release|Any CPU.Build.0 = Release|Any CPU
		{FBF28198-DEC4-46EB-89CF-0698CA4FEC41}.Debug|Any CPU.ActiveCfg = Debug|Any CPU
		{FBF28198-DEC4-46EB-89CF-0698CA4FEC41}.Debug|Any CPU.Build.0 = Debug|Any CPU
		{FBF28198-DEC4-46EB-89CF-0698CA4FEC41}.Release|Any CPU.ActiveCfg = Release|Any CPU
		{FBF28198-DEC4-46EB-89CF-0698CA4FEC41}.Release|Any CPU.Build.0 = Release|Any CPU
		{0A98C774-3F9A-44F5-B416-9770D0C95274}.Debug|Any CPU.ActiveCfg = Debug|Any CPU
		{0A98C774-3F9A-44F5-B416-9770D0C95274}.Debug|Any CPU.Build.0 = Debug|Any CPU
		{0A98C774-3F9A-44F5-B416-9770D0C95274}.Release|Any CPU.ActiveCfg = Release|Any CPU
		{0A98C774-3F9A-44F5-B416-9770D0C95274}.Release|Any CPU.Build.0 = Release|Any CPU
		{5EC1DF04-DC99-406F-A8F7-17D5E54AB32A}.Debug|Any CPU.ActiveCfg = Debug|Any CPU
		{5EC1DF04-DC99-406F-A8F7-17D5E54AB32A}.Debug|Any CPU.Build.0 = Debug|Any CPU
		{5EC1DF04-DC99-406F-A8F7-17D5E54AB32A}.Release|Any CPU.ActiveCfg = Release|Any CPU
		{5EC1DF04-DC99-406F-A8F7-17D5E54AB32A}.Release|Any CPU.Build.0 = Release|Any CPU
		{CEC269C3-4336-4AAF-BB0F-9AC1C58994A1}.Debug|Any CPU.ActiveCfg = Debug|Any CPU
		{CEC269C3-4336-4AAF-BB0F-9AC1C58994A1}.Debug|Any CPU.Build.0 = Debug|Any CPU
		{CEC269C3-4336-4AAF-BB0F-9AC1C58994A1}.Release|Any CPU.ActiveCfg = Release|Any CPU
		{CEC269C3-4336-4AAF-BB0F-9AC1C58994A1}.Release|Any CPU.Build.0 = Release|Any CPU
		{4EB188BB-4F9B-4CAD-8761-23E1E3938193}.Debug|Any CPU.ActiveCfg = Debug|Any CPU
		{4EB188BB-4F9B-4CAD-8761-23E1E3938193}.Debug|Any CPU.Build.0 = Debug|Any CPU
		{4EB188BB-4F9B-4CAD-8761-23E1E3938193}.Release|Any CPU.ActiveCfg = Release|Any CPU
		{4EB188BB-4F9B-4CAD-8761-23E1E3938193}.Release|Any CPU.Build.0 = Release|Any CPU
		{07B9E5D7-68B5-4F72-A7C5-B3C90EB185A5}.Debug|Any CPU.ActiveCfg = Debug|Any CPU
		{07B9E5D7-68B5-4F72-A7C5-B3C90EB185A5}.Debug|Any CPU.Build.0 = Debug|Any CPU
		{07B9E5D7-68B5-4F72-A7C5-B3C90EB185A5}.Release|Any CPU.ActiveCfg = Release|Any CPU
		{07B9E5D7-68B5-4F72-A7C5-B3C90EB185A5}.Release|Any CPU.Build.0 = Release|Any CPU
		{C419D8B2-2F87-4DBF-A5B4-9EE1B8C6A45C}.Debug|Any CPU.ActiveCfg = Debug|Any CPU
		{C419D8B2-2F87-4DBF-A5B4-9EE1B8C6A45C}.Debug|Any CPU.Build.0 = Debug|Any CPU
		{C419D8B2-2F87-4DBF-A5B4-9EE1B8C6A45C}.Release|Any CPU.ActiveCfg = Release|Any CPU
		{C419D8B2-2F87-4DBF-A5B4-9EE1B8C6A45C}.Release|Any CPU.Build.0 = Release|Any CPU
		{639B551E-D79F-437D-8AA8-168E0F45FB90}.Debug|Any CPU.ActiveCfg = Debug|Any CPU
		{639B551E-D79F-437D-8AA8-168E0F45FB90}.Debug|Any CPU.Build.0 = Debug|Any CPU
		{639B551E-D79F-437D-8AA8-168E0F45FB90}.Release|Any CPU.ActiveCfg = Release|Any CPU
		{639B551E-D79F-437D-8AA8-168E0F45FB90}.Release|Any CPU.Build.0 = Release|Any CPU
	EndGlobalSection
	GlobalSection(SolutionProperties) = preSolution
		HideSolutionNode = FALSE
	EndGlobalSection
	GlobalSection(NestedProjects) = preSolution
		{4D1A3878-09D1-4E82-8219-DE8B3ACEC4FE} = {037B064B-1EF9-4882-B9CE-8D2EDBFF06DB}
		{FBF28198-DEC4-46EB-89CF-0698CA4FEC41} = {3DA055A3-6E43-4D02-A8F3-14AA112C8C91}
		{0A98C774-3F9A-44F5-B416-9770D0C95274} = {3DA055A3-6E43-4D02-A8F3-14AA112C8C91}
		{5EC1DF04-DC99-406F-A8F7-17D5E54AB32A} = {5A626DD0-5AA3-4591-8E7E-6C96BFE880C8}
		{CEC269C3-4336-4AAF-BB0F-9AC1C58994A1} = {5A626DD0-5AA3-4591-8E7E-6C96BFE880C8}
		{4EB188BB-4F9B-4CAD-8761-23E1E3938193} = {A415CA76-815E-497F-818B-1C4F7B8CDF61}
		{07B9E5D7-68B5-4F72-A7C5-B3C90EB185A5} = {A415CA76-815E-497F-818B-1C4F7B8CDF61}
		{C419D8B2-2F87-4DBF-A5B4-9EE1B8C6A45C} = {6F4ED227-7C0E-4AE0-B4FC-4B8B5485B217}
		{639B551E-D79F-437D-8AA8-168E0F45FB90} = {037B064B-1EF9-4882-B9CE-8D2EDBFF06DB}
	EndGlobalSection
	GlobalSection(ExtensibilityGlobals) = postSolution
		SolutionGuid = {A5E170F2-42CE-4185-91FD-549F11544560}
	EndGlobalSection
EndGlobal
